
Microsoft Visual Studio Solution File, Format Version 12.00
# Visual Studio Version 17
VisualStudioVersion = 17.14.36603.0 d17.14
MinimumVisualStudioVersion = 10.0.40219.1
Project("{8BC9CEB8-8B4A-11D0-8D11-00A0C91BC942}") = "10", "10.vcxproj", "{A54F301B-25C7-40E5-BC95-558BF21700BC}"
EndProject
Global
	GlobalSection(SolutionConfigurationPlatforms) = preSolution
		Debug|x64 = Debug|x64
		Debug|x86 = Debug|x86
		Release|x64 = Release|x64
		Release|x86 = Release|x86
	EndGlobalSection
	GlobalSection(ProjectConfigurationPlatforms) = postSolution
		{A54F301B-25C7-40E5-BC95-558BF21700BC}.Debug|x64.ActiveCfg = Debug|x64
		{A54F301B-25C7-40E5-BC95-558BF21700BC}.Debug|x64.Build.0 = Debug|x64
		{A54F301B-25C7-40E5-BC95-558BF21700BC}.Debug|x86.ActiveCfg = Debug|Win32
		{A54F301B-25C7-40E5-BC95-558BF21700BC}.Debug|x86.Build.0 = Debug|Win32
		{A54F301B-25C7-40E5-BC95-558BF21700BC}.Release|x64.ActiveCfg = Release|x64
		{A54F301B-25C7-40E5-BC95-558BF21700BC}.Release|x64.Build.0 = Release|x64
		{A54F301B-25C7-40E5-BC95-558BF21700BC}.Release|x86.ActiveCfg = Release|Win32
		{A54F301B-25C7-40E5-BC95-558BF21700BC}.Release|x86.Build.0 = Release|Win32
	EndGlobalSection
	GlobalSection(SolutionProperties) = preSolution
		HideSolutionNode = FALSE
	EndGlobalSection
	GlobalSection(ExtensibilityGlobals) = postSolution
		SolutionGuid = {484688C5-08F7-4646-9B47-22E7BFE3E921}
	EndGlobalSection
EndGlobal
